{
  "name": "Cypress-Actions",
  "lockfileVersion": 2,
  "requires": true,
  "packages": {
    "": {
      "dependencies": {
        "-": "^0.0.1",
        "y": "^0.3.2"
      }
    },
    "node_modules/-": {
      "version": "0.0.1",
      "resolved": "https://registry.npmjs.org/-/-/--0.0.1.tgz",
      "integrity": "sha512-3HfneK3DGAm05fpyj20sT3apkNcvPpCuccOThOPdzz8sY7GgQGe0l93XH9bt+YzibcTIgUAIMoyVJI740RtgyQ=="
    },
    "node_modules/y": {
      "version": "0.3.2",
      "resolved": "https://registry.npmjs.org/y/-/y-0.3.2.tgz",
      "integrity": "sha1-vQhxHSawNNAmowWZqZGaY/5Dw/o="
    }
  },
  "dependencies": {
    "-": {
      "version": "0.0.1",
      "resolved": "https://registry.npmjs.org/-/-/--0.0.1.tgz",
      "integrity": "sha512-3HfneK3DGAm05fpyj20sT3apkNcvPpCuccOThOPdzz8sY7GgQGe0l93XH9bt+YzibcTIgUAIMoyVJI740RtgyQ=="
    },
    "y": {
      "version": "0.3.2",
      "resolved": "https://registry.npmjs.org/y/-/y-0.3.2.tgz",
      "integrity": "sha1-vQhxHSawNNAmowWZqZGaY/5Dw/o="
    }
  }
}
